<?xml version="1.0" encoding="utf-8"?>
<Project ToolsVersion="4.0" xmlns="http://schemas.microsoft.com/developer/msbuild/2003">
  <ItemGroup>
    <Filter Include="src">
      <UniqueIdentifier>{99da8f29-e549-444d-95a8-faae14baa990}</UniqueIdentifier>
    </Filter>
    <Filter Include="headers">
      <UniqueIdentifier>{7c1fe08b-af8b-47c5-aac9-2d04c6292f28}</UniqueIdentifier>
    </Filter>
  </ItemGroup>
  <ItemGroup>
    <ClCompile Include="..\src\linked.c">
      <Filter>src</Filter>
    </ClCompile>
  </ItemGroup>
</Project>